
Microsoft Visual Studio Solution File, Format Version 12.00
# Visual Studio 15
VisualStudioVersion = 15.0.27130.2010
MinimumVisualStudioVersion = 10.0.40219.1
Project("{FAE04EC0-301F-11D3-BF4B-00C04F79EFBC}") = "LedBlink2", "LedBlink2.csproj", "{C0039336-B5C3-4CE1-9900-D5327BE6C64F}"
EndProject
Global
	GlobalSection(SolutionConfigurationPlatforms) = preSolution
		Debug|Any CPU = Debug|Any CPU
		Release|Any CPU = Release|Any CPU
	EndGlobalSection
	GlobalSection(ProjectConfigurationPlatforms) = postSolution
		{C0039336-B5C3-4CE1-9900-D5327BE6C64F}.Debug|Any CPU.ActiveCfg = Debug|Any CPU
		{C0039336-B5C3-4CE1-9900-D5327BE6C64F}.Debug|Any CPU.Build.0 = Debug|Any CPU
		{C0039336-B5C3-4CE1-9900-D5327BE6C64F}.Debug|Any CPU.Deploy.0 = Debug|Any CPU
		{C0039336-B5C3-4CE1-9900-D5327BE6C64F}.Release|Any CPU.ActiveCfg = Release|Any CPU
		{C0039336-B5C3-4CE1-9900-D5327BE6C64F}.Release|Any CPU.Build.0 = Release|Any CPU
		{C0039336-B5C3-4CE1-9900-D5327BE6C64F}.Release|Any CPU.Deploy.0 = Release|Any CPU
	EndGlobalSection
	GlobalSection(SolutionProperties) = preSolution
		HideSolutionNode = FALSE
	EndGlobalSection
	GlobalSection(ExtensibilityGlobals) = postSolution
		SolutionGuid = {E96D733E-884A-412B-8C19-7B903D004D9B}
	EndGlobalSection
EndGlobal
